
Microsoft Visual Studio Solution File, Format Version 11.00
# Visual Studio 2010
Project("{FAE04EC0-301F-11D3-BF4B-00C04F79EFBC}") = "ARDemo", "Assembly-CSharp-firstpass.csproj", "{15A60159-3953-952F-65F6-263BE3B4948D}"
EndProject
Project("{FAE04EC0-301F-11D3-BF4B-00C04F79EFBC}") = "ARDemo", "Assembly-CSharp.csproj", "{2DF29429-ACDC-1D11-B8DF-9D0C866F4233}"
EndProject
Project("{FAE04EC0-301F-11D3-BF4B-00C04F79EFBC}") = "ARDemo", "Assembly-CSharp-Editor-firstpass.csproj", "{7F9D78A0-2B72-A64D-3F3E-438C9626F2F4}"
EndProject
Project("{FAE04EC0-301F-11D3-BF4B-00C04F79EFBC}") = "ARDemo", "Assembly-CSharp-Editor.csproj", "{A70FABEF-89A4-1E44-C48F-E9CABC72044E}"
EndProject
Global
	GlobalSection(SolutionConfigurationPlatforms) = preSolution
		Debug|Any CPU = Debug|Any CPU
		Release|Any CPU = Release|Any CPU
	EndGlobalSection
	GlobalSection(ProjectConfigurationPlatforms) = postSolution
		{15A60159-3953-952F-65F6-263BE3B4948D}.Debug|Any CPU.ActiveCfg = Debug|Any CPU
		{15A60159-3953-952F-65F6-263BE3B4948D}.Debug|Any CPU.Build.0 = Debug|Any CPU
		{15A60159-3953-952F-65F6-263BE3B4948D}.Release|Any CPU.ActiveCfg = Release|Any CPU
		{15A60159-3953-952F-65F6-263BE3B4948D}.Release|Any CPU.Build.0 = Release|Any CPU
		{2DF29429-ACDC-1D11-B8DF-9D0C866F4233}.Debug|Any CPU.ActiveCfg = Debug|Any CPU
		{2DF29429-ACDC-1D11-B8DF-9D0C866F4233}.Debug|Any CPU.Build.0 = Debug|Any CPU
		{2DF29429-ACDC-1D11-B8DF-9D0C866F4233}.Release|Any CPU.ActiveCfg = Release|Any CPU
		{2DF29429-ACDC-1D11-B8DF-9D0C866F4233}.Release|Any CPU.Build.0 = Release|Any CPU
		{7F9D78A0-2B72-A64D-3F3E-438C9626F2F4}.Debug|Any CPU.ActiveCfg = Debug|Any CPU
		{7F9D78A0-2B72-A64D-3F3E-438C9626F2F4}.Debug|Any CPU.Build.0 = Debug|Any CPU
		{7F9D78A0-2B72-A64D-3F3E-438C9626F2F4}.Release|Any CPU.ActiveCfg = Release|Any CPU
		{7F9D78A0-2B72-A64D-3F3E-438C9626F2F4}.Release|Any CPU.Build.0 = Release|Any CPU
		{A70FABEF-89A4-1E44-C48F-E9CABC72044E}.Debug|Any CPU.ActiveCfg = Debug|Any CPU
		{A70FABEF-89A4-1E44-C48F-E9CABC72044E}.Debug|Any CPU.Build.0 = Debug|Any CPU
		{A70FABEF-89A4-1E44-C48F-E9CABC72044E}.Release|Any CPU.ActiveCfg = Release|Any CPU
		{A70FABEF-89A4-1E44-C48F-E9CABC72044E}.Release|Any CPU.Build.0 = Release|Any CPU
	EndGlobalSection
	GlobalSection(SolutionProperties) = preSolution
		HideSolutionNode = FALSE
	EndGlobalSection
	GlobalSection(MonoDevelopProperties) = preSolution
		StartupItem = Assembly-CSharp.csproj
	EndGlobalSection
EndGlobal
